// !$*UTF8*$!
{
	archiveVersion = 1;
	classes = {
	};
	objectVersion = 50;
	objects = {

/* Begin PBXBuildFile section */
		D76A808524F1F6E70093E17B /* AppDelegate.swift in Sources */ = {isa = PBXBuildFile; fileRef = D76A808424F1F6E70093E17B /* AppDelegate.swift */; };
		D76A808724F1F6E70093E17B /* SceneDelegate.swift in Sources */ = {isa = PBXBuildFile; fileRef = D76A808624F1F6E70093E17B /* SceneDelegate.swift */; };
		D76A808924F1F6E70093E17B /* ViewController.swift in Sources */ = {isa = PBXBuildFile; fileRef = D76A808824F1F6E70093E17B /* ViewController.swift */; };
		D76A808C24F1F6E70093E17B /* Main.storyboard in Resources */ = {isa = PBXBuildFile; fileRef = D76A808A24F1F6E70093E17B /* Main.storyboard */; };
		D76A808E24F1F6E80093E17B /* Assets.xcassets in Resources */ = {isa = PBXBuildFile; fileRef = D76A808D24F1F6E80093E17B /* Assets.xcassets */; };
		D76A809124F1F6E80093E17B /* LaunchScreen.storyboard in Resources */ = {isa = PBXBuildFile; fileRef = D76A808F24F1F6E80093E17B /* LaunchScreen.storyboard */; };
		D76A809A24F1F79C0093E17B /* PlayingCard.swift in Sources */ = {isa = PBXBuildFile; fileRef = D76A809924F1F79C0093E17B /* PlayingCard.swift */; };
		D76A809C24F1FBFE0093E17B /* PlayingCardDeck.swift in Sources */ = {isa = PBXBuildFile; fileRef = D76A809B24F1FBFE0093E17B /* PlayingCardDeck.swift */; };
		D76A80A024F200F40093E17B /* PlayingCardView.swift in Sources */ = {isa = PBXBuildFile; fileRef = D76A809F24F200F40093E17B /* PlayingCardView.swift */; };
/* End PBXBuildFile section */

/* Begin PBXFileReference section */
		D76A808124F1F6E70093E17B /* PlayingCard.app */ = {isa = PBXFileReference; explicitFileType = wrapper.application; includeInIndex = 0; path = PlayingCard.app; sourceTree = BUILT_PRODUCTS_DIR; };
		D76A808424F1F6E70093E17B /* AppDelegate.swift */ = {isa = PBXFileReference; lastKnownFileType = sourcecode.swift; path = AppDelegate.swift; sourceTree = "<group>"; };
		D76A808624F1F6E70093E17B /* SceneDelegate.swift */ = {isa = PBXFileReference; lastKnownFileType = sourcecode.swift; path = SceneDelegate.swift; sourceTree = "<group>"; };
		D76A808824F1F6E70093E17B /* ViewController.swift */ = {isa = PBXFileReference; lastKnownFileType = sourcecode.swift; path = ViewController.swift; sourceTree = "<group>"; };
		D76A808B24F1F6E70093E17B /* Base */ = {isa = PBXFileReference; lastKnownFileType = file.storyboard; name = Base; path = Base.lproj/Main.storyboard; sourceTree = "<group>"; };
		D76A808D24F1F6E80093E17B /* Assets.xcassets */ = {isa = PBXFileReference; lastKnownFileType = folder.assetcatalog; path = Assets.xcassets; sourceTree = "<group>"; };
		D76A809024F1F6E80093E17B /* Base */ = {isa = PBXFileReference; lastKnownFileType = file.storyboard; name = Base; path = Base.lproj/LaunchScreen.storyboard; sourceTree = "<group>"; };
		D76A809224F1F6E80093E17B /* Info.plist */ = {isa = PBXFileReference; lastKnownFileType = text.plist.xml; path = Info.plist; sourceTree = "<group>"; };
		D76A809924F1F79C0093E17B /* PlayingCard.swift */ = {isa = PBXFileReference; lastKnownFileType = sourcecode.swift; name = PlayingCard.swift; path = "Supporting Files/PlayingCard.swift"; sourceTree = "<group>"; };
		D76A809B24F1FBFE0093E17B /* PlayingCardDeck.swift */ = {isa = PBXFileReference; lastKnownFileType = sourcecode.swift; path = PlayingCardDeck.swift; sourceTree = "<group>"; };
		D76A809F24F200F40093E17B /* PlayingCardView.swift */ = {isa = PBXFileReference; lastKnownFileType = sourcecode.swift; path = PlayingCardView.swift; sourceTree = SOURCE_ROOT; };
/* End PBXFileReference section */

/* Begin PBXFrameworksBuildPhase section */
		D76A807E24F1F6E70093E17B /* Frameworks */ = {
			isa = PBXFrameworksBuildPhase;
			buildActionMask = 2147483647;
			files = (
			);
			runOnlyForDeploymentPostprocessing = 0;
		};
/* End PBXFrameworksBuildPhase section */

/* Begin PBXGroup section */
		D76A807824F1F6E70093E17B = {
			isa = PBXGroup;
			children = (
				D76A808324F1F6E70093E17B /* PlayingCard */,
				D76A808224F1F6E70093E17B /* Products */,
			);
			sourceTree = "<group>";
		};
		D76A808224F1F6E70093E17B /* Products */ = {
			isa = PBXGroup;
			children = (
				D76A808124F1F6E70093E17B /* PlayingCard.app */,
			);
			name = Products;
			sourceTree = "<group>";
		};
		D76A808324F1F6E70093E17B /* PlayingCard */ = {
			isa = PBXGroup;
			children = (
				D76A809F24F200F40093E17B /* PlayingCardView.swift */,
				D76A809924F1F79C0093E17B /* PlayingCard.swift */,
				D76A809B24F1FBFE0093E17B /* PlayingCardDeck.swift */,
				D76A808824F1F6E70093E17B /* ViewController.swift */,
				D76A808A24F1F6E70093E17B /* Main.storyboard */,
				D76A808D24F1F6E80093E17B /* Assets.xcassets */,
				D76A809824F1F7330093E17B /* Supporting Files */,
				D76A809224F1F6E80093E17B /* Info.plist */,
			);
			path = PlayingCard;
			sourceTree = "<group>";
		};
		D76A809824F1F7330093E17B /* Supporting Files */ = {
			isa = PBXGroup;
			children = (
				D76A808624F1F6E70093E17B /* SceneDelegate.swift */,
				D76A808424F1F6E70093E17B /* AppDelegate.swift */,
				D76A808F24F1F6E80093E17B /* LaunchScreen.storyboard */,
			);
			path = "Supporting Files";
			sourceTree = "<group>";
		};
/* End PBXGroup section */

/* Begin PBXNativeTarget section */
		D76A808024F1F6E70093E17B /* PlayingCard */ = {
			isa = PBXNativeTarget;
			buildConfigurationList = D76A809524F1F6E80093E17B /* Build configuration list for PBXNativeTarget "PlayingCard" */;
			buildPhases = (
				D76A807D24F1F6E70093E17B /* Sources */,
				D76A807E24F1F6E70093E17B /* Frameworks */,
				D76A807F24F1F6E70093E17B /* Resources */,
			);
			buildRules = (
			);
			dependencies = (
			);
			name = PlayingCard;
			productName = PlayingCard;
			productReference = D76A808124F1F6E70093E17B /* PlayingCard.app */;
			productType = "com.apple.product-type.application";
		};
/* End PBXNativeTarget section */

/* Begin PBXProject section */
		D76A807924F1F6E70093E17B /* Project object */ = {
			isa = PBXProject;
			attributes = {
				LastSwiftUpdateCheck = 1130;
				LastUpgradeCheck = 1130;
				ORGANIZATIONNAME = "Adriano Rodrigues Vieira";
				TargetAttributes = {
					D76A808024F1F6E70093E17B = {
						CreatedOnToolsVersion = 11.3.1;
					};
				};
			};
			buildConfigurationList = D76A807C24F1F6E70093E17B /* Build configuration list for PBXProject "PlayingCard" */;
			compatibilityVersion = "Xcode 9.3";
			developmentRegion = en;
			hasScannedForEncodings = 0;
			knownRegions = (
				en,
				Base,
			);
			mainGroup = D76A807824F1F6E70093E17B;
			productRefGroup = D76A808224F1F6E70093E17B /* Products */;
			projectDirPath = "";
			projectRoot = "";
			targets = (
				D76A808024F1F6E70093E17B /* PlayingCard */,
			);
		};
/* End PBXProject section */

/* Begin PBXResourcesBuildPhase section */
		D76A807F24F1F6E70093E17B /* Resources */ = {
			isa = PBXResourcesBuildPhase;
			buildActionMask = 2147483647;
			files = (
				D76A809124F1F6E80093E17B /* LaunchScreen.storyboard in Resources */,
				D76A808E24F1F6E80093E17B /* Assets.xcassets in Resources */,
				D76A808C24F1F6E70093E17B /* Main.storyboard in Resources */,
			);
			runOnlyForDeploymentPostprocessing = 0;
		};
/* End PBXResourcesBuildPhase section */

/* Begin PBXSourcesBuildPhase section */
		D76A807D24F1F6E70093E17B /* Sources */ = {
			isa = PBXSourcesBuildPhase;
			buildActionMask = 2147483647;
			files = (
				D76A808924F1F6E70093E17B /* ViewController.swift in Sources */,
				D76A80A024F200F40093E17B /* PlayingCardView.swift in Sources */,
				D76A808524F1F6E70093E17B /* AppDelegate.swift in Sources */,
				D76A809C24F1FBFE0093E17B /* PlayingCardDeck.swift in Sources */,
				D76A809A24F1F79C0093E17B /* PlayingCard.swift in Sources */,
				D76A808724F1F6E70093E17B /* SceneDelegate.swift in Sources */,
			);
			runOnlyForDeploymentPostprocessing = 0;
		};
/* End PBXSourcesBuildPhase section */

/* Begin PBXVariantGroup section */
		D76A808A24F1F6E70093E17B /* Main.storyboard */ = {
			isa = PBXVariantGroup;
			children = (
				D76A808B24F1F6E70093E17B /* Base */,
			);
			name = Main.storyboard;
			sourceTree = "<group>";
		};
		D76A808F24F1F6E80093E17B /* LaunchScreen.storyboard */ = {
			isa = PBXVariantGroup;
			children = (
				D76A809024F1F6E80093E17B /* Base */,
			);
			name = LaunchScreen.storyboard;
			sourceTree = "<group>";
		};
/* End PBXVariantGroup section */

/* Begin XCBuildConfiguration section */
		D76A809324F1F6E80093E17B /* Debug */ = {
			isa = XCBuildConfiguration;
			buildSettings = {
				ALWAYS_SEARCH_USER_PATHS = NO;
				CLANG_ANALYZER_NONNULL = YES;
				CLANG_ANALYZER_NUMBER_OBJECT_CONVERSION = YES_AGGRESSIVE;
				CLANG_CXX_LANGUAGE_STANDARD = "gnu++14";
				CLANG_CXX_LIBRARY = "libc++";
				CLANG_ENABLE_MODULES = YES;
				CLANG_ENABLE_OBJC_ARC = YES;
				CLANG_ENABLE_OBJC_WEAK = YES;
				CLANG_WARN_BLOCK_CAPTURE_AUTORELEASING = YES;
				CLANG_WARN_BOOL_CONVERSION = YES;
				CLANG_WARN_COMMA = YES;
				CLANG_WARN_CONSTANT_CONVERSION = YES;
				CLANG_WARN_DEPRECATED_OBJC_IMPLEMENTATIONS = YES;
				CLANG_WARN_DIRECT_OBJC_ISA_USAGE = YES_ERROR;
				CLANG_WARN_DOCUMENTATION_COMMENTS = YES;
				CLANG_WARN_EMPTY_BODY = YES;
				CLANG_WARN_ENUM_CONVERSION = YES;
				CLANG_WARN_INFINITE_RECURSION = YES;
				CLANG_WARN_INT_CONVERSION = YES;
				CLANG_WARN_NON_LITERAL_NULL_CONVERSION = YES;
				CLANG_WARN_OBJC_IMPLICIT_RETAIN_SELF = YES;
				CLANG_WARN_OBJC_LITERAL_CONVERSION = YES;
				CLANG_WARN_OBJC_ROOT_CLASS = YES_ERROR;
				CLANG_WARN_RANGE_LOOP_ANALYSIS = YES;
				CLANG_WARN_STRICT_PROTOTYPES = YES;
				CLANG_WARN_SUSPICIOUS_MOVE = YES;
				CLANG_WARN_UNGUARDED_AVAILABILITY = YES_AGGRESSIVE;
				CLANG_WARN_UNREACHABLE_CODE = YES;
				CLANG_WARN__DUPLICATE_METHOD_MATCH = YES;
				COPY_PHASE_STRIP = NO;
				DEBUG_INFORMATION_FORMAT = dwarf;
				ENABLE_STRICT_OBJC_MSGSEND = YES;
				ENABLE_TESTABILITY = YES;
				GCC_C_LANGUAGE_STANDARD = gnu11;
				GCC_DYNAMIC_NO_PIC = NO;
				GCC_NO_COMMON_BLOCKS = YES;
				GCC_OPTIMIZATION_LEVEL = 0;
				GCC_PREPROCESSOR_DEFINITIONS = (
					"DEBUG=1",
					"$(inherited)",
				);
				GCC_WARN_64_TO_32_BIT_CONVERSION = YES;
				GCC_WARN_ABOUT_RETURN_TYPE = YES_ERROR;
				GCC_WARN_UNDECLARED_SELECTOR = YES;
				GCC_WARN_UNINITIALIZED_AUTOS = YES_AGGRESSIVE;
				GCC_WARN_UNUSED_FUNCTION = YES;
				GCC_WARN_UNUSED_VARIABLE = YES;
				IPHONEOS_DEPLOYMENT_TARGET = 13.2;
				MTL_ENABLE_DEBUG_INFO = INCLUDE_SOURCE;
				MTL_FAST_MATH = YES;
				ONLY_ACTIVE_ARCH = YES;
				SDKROOT = iphoneos;
				SWIFT_ACTIVE_COMPILATION_CONDITIONS = DEBUG;
				SWIFT_OPTIMIZATION_LEVEL = "-Onone";
			};
			name = Debug;
		};
		D76A809424F1F6E80093E17B /* Release */ = {
			isa = XCBuildConfiguration;
			buildSettings = {
				ALWAYS_SEARCH_USER_PATHS = NO;
				CLANG_ANALYZER_NONNULL = YES;
				CLANG_ANALYZER_NUMBER_OBJECT_CONVERSION = YES_AGGRESSIVE;
				CLANG_CXX_LANGUAGE_STANDARD = "gnu++14";
				CLANG_CXX_LIBRARY = "libc++";
				CLANG_ENABLE_MODULES = YES;
				CLANG_ENABLE_OBJC_ARC = YES;
				CLANG_ENABLE_OBJC_WEAK = YES;
				CLANG_WARN_BLOCK_CAPTURE_AUTORELEASING = YES;
				CLANG_WARN_BOOL_CONVERSION = YES;
				CLANG_WARN_COMMA = YES;
				CLANG_WARN_CONSTANT_CONVERSION = YES;
				CLANG_WARN_DEPRECATED_OBJC_IMPLEMENTATIONS = YES;
				CLANG_WARN_DIRECT_OBJC_ISA_USAGE = YES_ERROR;
				CLANG_WARN_DOCUMENTATION_COMMENTS = YES;
				CLANG_WARN_EMPTY_BODY = YES;
				CLANG_WARN_ENUM_CONVERSION = YES;
				CLANG_WARN_INFINITE_RECURSION = YES;
				CLANG_WARN_INT_CONVERSION = YES;
				CLANG_WARN_NON_LITERAL_NULL_CONVERSION = YES;
				CLANG_WARN_OBJC_IMPLICIT_RETAIN_SELF = YES;
				CLANG_WARN_OBJC_LITERAL_CONVERSION = YES;
				CLANG_WARN_OBJC_ROOT_CLASS = YES_ERROR;
				CLANG_WARN_RANGE_LOOP_ANALYSIS = YES;
				CLANG_WARN_STRICT_PROTOTYPES = YES;
				CLANG_WARN_SUSPICIOUS_MOVE = YES;
				CLANG_WARN_UNGUARDED_AVAILABILITY = YES_AGGRESSIVE;
				CLANG_WARN_UNREACHABLE_CODE = YES;
				CLANG_WARN__DUPLICATE_METHOD_MATCH = YES;
				COPY_PHASE_STRIP = NO;
				DEBUG_INFORMATION_FORMAT = "dwarf-with-dsym";
				ENABLE_NS_ASSERTIONS = NO;
				ENABLE_STRICT_OBJC_MSGSEND = YES;
				GCC_C_LANGUAGE_STANDARD = gnu11;
				GCC_NO_COMMON_BLOCKS = YES;
				GCC_WARN_64_TO_32_BIT_CONVERSION = YES;
				GCC_WARN_ABOUT_RETURN_TYPE = YES_ERROR;
				GCC_WARN_UNDECLARED_SELECTOR = YES;
				GCC_WARN_UNINITIALIZED_AUTOS = YES_AGGRESSIVE;
				GCC_WARN_UNUSED_FUNCTION = YES;
				GCC_WARN_UNUSED_VARIABLE = YES;
				IPHONEOS_DEPLOYMENT_TARGET = 13.2;
				MTL_ENABLE_DEBUG_INFO = NO;
				MTL_FAST_MATH = YES;
				SDKROOT = iphoneos;
				SWIFT_COMPILATION_MODE = wholemodule;
				SWIFT_OPTIMIZATION_LEVEL = "-O";
				VALIDATE_PRODUCT = YES;
			};
			name = Release;
		};
		D76A809624F1F6E80093E17B /* Debug */ = {
			isa = XCBuildConfiguration;
			buildSettings = {
				ASSETCATALOG_COMPILER_APPICON_NAME = AppIcon;
				CODE_SIGN_STYLE = Automatic;
				DEVELOPMENT_TEAM = 2D9YSKR59P;
				INFOPLIST_FILE = PlayingCard/Info.plist;
				LD_RUNPATH_SEARCH_PATHS = (
					"$(inherited)",
					"@executable_path/Frameworks",
				);
				PRODUCT_BUNDLE_IDENTIFIER = br.com.adrianorodrigues.PlayingCard;
				PRODUCT_NAME = "$(TARGET_NAME)";
				SWIFT_VERSION = 5.0;
				TARGETED_DEVICE_FAMILY = "1,2";
			};
			name = Debug;
		};
		D76A809724F1F6E80093E17B /* Release */ = {
			isa = XCBuildConfiguration;
			buildSettings = {
				ASSETCATALOG_COMPILER_APPICON_NAME = AppIcon;
				CODE_SIGN_STYLE = Automatic;
				DEVELOPMENT_TEAM = 2D9YSKR59P;
				INFOPLIST_FILE = PlayingCard/Info.plist;
				LD_RUNPATH_SEARCH_PATHS = (
					"$(inherited)",
					"@executable_path/Frameworks",
				);
				PRODUCT_BUNDLE_IDENTIFIER = br.com.adrianorodrigues.PlayingCard;
				PRODUCT_NAME = "$(TARGET_NAME)";
				SWIFT_VERSION = 5.0;
				TARGETED_DEVICE_FAMILY = "1,2";
			};
			name = Release;
		};
/* End XCBuildConfiguration section */

/* Begin XCConfigurationList section */
		D76A807C24F1F6E70093E17B /* Build configuration list for PBXProject "PlayingCard" */ = {
			isa = XCConfigurationList;
			buildConfigurations = (
				D76A809324F1F6E80093E17B /* Debug */,
				D76A809424F1F6E80093E17B /* Release */,
			);
			defaultConfigurationIsVisible = 0;
			defaultConfigurationName = Release;
		};
		D76A809524F1F6E80093E17B /* Build configuration list for PBXNativeTarget "PlayingCard" */ = {
			isa = XCConfigurationList;
			buildConfigurations = (
				D76A809624F1F6E80093E17B /* Debug */,
				D76A809724F1F6E80093E17B /* Release */,
			);
			defaultConfigurationIsVisible = 0;
			defaultConfigurationName = Release;
		};
/* End XCConfigurationList section */
	};
	rootObject = D76A807924F1F6E70093E17B /* Project object */;
}
